{
  "name": "node_multi_tenant",
  "version": "1.0.0",
  "lockfileVersion": 1,
  "requires": true,
  "dependencies": {
    "auto-bind": {
      "version": "2.0.0",
      "resolved": "https://registry.npmjs.org/auto-bind/-/auto-bind-2.0.0.tgz",
      "integrity": "sha512-rvRBv0/O7iriUMqSzTDhAfyAD1vVnElAEruo5rMSFeYLA0iKDEzLPSJiwMnL86+IPpTlhfOIAzjoKZ9TaySYdA=="
    }
  }
}
